// !$*UTF8*$!
{
	archiveVersion = 1;
	classes = {
	};
	objectVersion = 50;
	objects = {

/* Begin PBXBuildFile section */
		3C3CF076227FC96D008B7D53 /* MyUtils.swift in Sources */ = {isa = PBXBuildFile; fileRef = 3C3CF075227FC96D008B7D53 /* MyUtils.swift */; };
		B23FD29A22712B6E00FF46DE /* settingsVC.swift in Sources */ = {isa = PBXBuildFile; fileRef = B23FD29922712B6E00FF46DE /* settingsVC.swift */; };
		B23FD2C422777DE800FF46DE /* gameVC.swift in Sources */ = {isa = PBXBuildFile; fileRef = B23FD2C322777DE800FF46DE /* gameVC.swift */; };
		B2778B0D2277B59C00A48860 /* GameScene.swift in Sources */ = {isa = PBXBuildFile; fileRef = B2778B0C2277B59C00A48860 /* GameScene.swift */; };
		B2778B0F2277B7FC00A48860 /* Stuff in Resources */ = {isa = PBXBuildFile; fileRef = B2778B0E2277B7FC00A48860 /* Stuff */; };
		B288B385226E924100F80754 /* AppDelegate.swift in Sources */ = {isa = PBXBuildFile; fileRef = B288B384226E924100F80754 /* AppDelegate.swift */; };
		B288B387226E924100F80754 /* menuVC.swift in Sources */ = {isa = PBXBuildFile; fileRef = B288B386226E924100F80754 /* menuVC.swift */; };
		B288B38A226E924100F80754 /* Main.storyboard in Resources */ = {isa = PBXBuildFile; fileRef = B288B388226E924100F80754 /* Main.storyboard */; };
		B288B38C226E924200F80754 /* Assets.xcassets in Resources */ = {isa = PBXBuildFile; fileRef = B288B38B226E924200F80754 /* Assets.xcassets */; };
		B288B38F226E924200F80754 /* LaunchScreen.storyboard in Resources */ = {isa = PBXBuildFile; fileRef = B288B38D226E924200F80754 /* LaunchScreen.storyboard */; };
		B2B31749228F906500174C3D /* ClockScene.swift in Sources */ = {isa = PBXBuildFile; fileRef = B2B31748228F906500174C3D /* ClockScene.swift */; };
		B2B31777228F9D9000174C3D /* clock-sprite.atlas in Resources */ = {isa = PBXBuildFile; fileRef = B2B31776228F9D9000174C3D /* clock-sprite.atlas */; };
/* End PBXBuildFile section */

/* Begin PBXFileReference section */
		3C3CF075227FC96D008B7D53 /* MyUtils.swift */ = {isa = PBXFileReference; fileEncoding = 4; lastKnownFileType = sourcecode.swift; path = MyUtils.swift; sourceTree = "<group>"; };
		B23FD29922712B6E00FF46DE /* settingsVC.swift */ = {isa = PBXFileReference; lastKnownFileType = sourcecode.swift; path = settingsVC.swift; sourceTree = "<group>"; };
		B23FD2C322777DE800FF46DE /* gameVC.swift */ = {isa = PBXFileReference; lastKnownFileType = sourcecode.swift; path = gameVC.swift; sourceTree = "<group>"; };
		B2778B0C2277B59C00A48860 /* GameScene.swift */ = {isa = PBXFileReference; fileEncoding = 4; lastKnownFileType = sourcecode.swift; path = GameScene.swift; sourceTree = "<group>"; };
		B2778B0E2277B7FC00A48860 /* Stuff */ = {isa = PBXFileReference; lastKnownFileType = folder; path = Stuff; sourceTree = "<group>"; };
		B288B381226E924100F80754 /* sprintNYU.app */ = {isa = PBXFileReference; explicitFileType = wrapper.application; includeInIndex = 0; path = sprintNYU.app; sourceTree = BUILT_PRODUCTS_DIR; };
		B288B384226E924100F80754 /* AppDelegate.swift */ = {isa = PBXFileReference; lastKnownFileType = sourcecode.swift; path = AppDelegate.swift; sourceTree = "<group>"; };
		B288B386226E924100F80754 /* menuVC.swift */ = {isa = PBXFileReference; lastKnownFileType = sourcecode.swift; path = menuVC.swift; sourceTree = "<group>"; };
		B288B389226E924100F80754 /* Base */ = {isa = PBXFileReference; lastKnownFileType = file.storyboard; name = Base; path = Base.lproj/Main.storyboard; sourceTree = "<group>"; };
		B288B38B226E924200F80754 /* Assets.xcassets */ = {isa = PBXFileReference; lastKnownFileType = folder.assetcatalog; path = Assets.xcassets; sourceTree = "<group>"; };
		B288B38E226E924200F80754 /* Base */ = {isa = PBXFileReference; lastKnownFileType = file.storyboard; name = Base; path = Base.lproj/LaunchScreen.storyboard; sourceTree = "<group>"; };
		B288B390226E924200F80754 /* Info.plist */ = {isa = PBXFileReference; lastKnownFileType = text.plist.xml; path = Info.plist; sourceTree = "<group>"; };
		B2B31748228F906500174C3D /* ClockScene.swift */ = {isa = PBXFileReference; lastKnownFileType = sourcecode.swift; path = ClockScene.swift; sourceTree = "<group>"; };
		B2B31776228F9D9000174C3D /* clock-sprite.atlas */ = {isa = PBXFileReference; lastKnownFileType = folder.skatlas; path = "clock-sprite.atlas"; sourceTree = "<group>"; };
/* End PBXFileReference section */

/* Begin PBXFrameworksBuildPhase section */
		B288B37E226E924100F80754 /* Frameworks */ = {
			isa = PBXFrameworksBuildPhase;
			buildActionMask = 2147483647;
			files = (
			);
			runOnlyForDeploymentPostprocessing = 0;
		};
/* End PBXFrameworksBuildPhase section */

/* Begin PBXGroup section */
		B288B378226E924100F80754 = {
			isa = PBXGroup;
			children = (
				B288B383226E924100F80754 /* sprintNYU */,
				B288B382226E924100F80754 /* Products */,
			);
			sourceTree = "<group>";
		};
		B288B382226E924100F80754 /* Products */ = {
			isa = PBXGroup;
			children = (
				B288B381226E924100F80754 /* sprintNYU.app */,
			);
			name = Products;
			sourceTree = "<group>";
		};
		B288B383226E924100F80754 /* sprintNYU */ = {
			isa = PBXGroup;
			children = (
				B288B384226E924100F80754 /* AppDelegate.swift */,
				B2778B0C2277B59C00A48860 /* GameScene.swift */,
				B23FD2C322777DE800FF46DE /* gameVC.swift */,
				B2B31748228F906500174C3D /* ClockScene.swift */,
				B288B386226E924100F80754 /* menuVC.swift */,
				B23FD29922712B6E00FF46DE /* settingsVC.swift */,
				B288B388226E924100F80754 /* Main.storyboard */,
				B288B38D226E924200F80754 /* LaunchScreen.storyboard */,
				3C3CF075227FC96D008B7D53 /* MyUtils.swift */,
				B2B31776228F9D9000174C3D /* clock-sprite.atlas */,
				B288B38B226E924200F80754 /* Assets.xcassets */,
				B2778B0E2277B7FC00A48860 /* Stuff */,
				B288B390226E924200F80754 /* Info.plist */,
			);
			path = sprintNYU;
			sourceTree = "<group>";
		};
/* End PBXGroup section */

/* Begin PBXNativeTarget section */
		B288B380226E924100F80754 /* sprintNYU */ = {
			isa = PBXNativeTarget;
			buildConfigurationList = B288B393226E924200F80754 /* Build configuration list for PBXNativeTarget "sprintNYU" */;
			buildPhases = (
				B288B37D226E924100F80754 /* Sources */,
				B288B37E226E924100F80754 /* Frameworks */,
				B288B37F226E924100F80754 /* Resources */,
			);
			buildRules = (
			);
			dependencies = (
			);
			name = sprintNYU;
			productName = sprintNYU;
			productReference = B288B381226E924100F80754 /* sprintNYU.app */;
			productType = "com.apple.product-type.application";
		};
/* End PBXNativeTarget section */

/* Begin PBXProject section */
		B288B379226E924100F80754 /* Project object */ = {
			isa = PBXProject;
			attributes = {
				LastSwiftUpdateCheck = 1010;
				LastUpgradeCheck = 1010;
				TargetAttributes = {
					B288B380226E924100F80754 = {
						CreatedOnToolsVersion = 10.1;
					};
				};
			};
			buildConfigurationList = B288B37C226E924100F80754 /* Build configuration list for PBXProject "sprintNYU" */;
			compatibilityVersion = "Xcode 9.3";
			developmentRegion = en;
			hasScannedForEncodings = 0;
			knownRegions = (
				en,
				Base,
			);
			mainGroup = B288B378226E924100F80754;
			productRefGroup = B288B382226E924100F80754 /* Products */;
			projectDirPath = "";
			projectRoot = "";
			targets = (
				B288B380226E924100F80754 /* sprintNYU */,
			);
		};
/* End PBXProject section */

/* Begin PBXResourcesBuildPhase section */
		B288B37F226E924100F80754 /* Resources */ = {
			isa = PBXResourcesBuildPhase;
			buildActionMask = 2147483647;
			files = (
				B288B38F226E924200F80754 /* LaunchScreen.storyboard in Resources */,
				B2778B0F2277B7FC00A48860 /* Stuff in Resources */,
				B288B38C226E924200F80754 /* Assets.xcassets in Resources */,
				B2B31777228F9D9000174C3D /* clock-sprite.atlas in Resources */,
				B288B38A226E924100F80754 /* Main.storyboard in Resources */,
			);
			runOnlyForDeploymentPostprocessing = 0;
		};
/* End PBXResourcesBuildPhase section */

/* Begin PBXSourcesBuildPhase section */
		B288B37D226E924100F80754 /* Sources */ = {
			isa = PBXSourcesBuildPhase;
			buildActionMask = 2147483647;
			files = (
				B2B31749228F906500174C3D /* ClockScene.swift in Sources */,
				B2778B0D2277B59C00A48860 /* GameScene.swift in Sources */,
				B23FD2C422777DE800FF46DE /* gameVC.swift in Sources */,
				B23FD29A22712B6E00FF46DE /* settingsVC.swift in Sources */,
				B288B387226E924100F80754 /* menuVC.swift in Sources */,
				3C3CF076227FC96D008B7D53 /* MyUtils.swift in Sources */,
				B288B385226E924100F80754 /* AppDelegate.swift in Sources */,
			);
			runOnlyForDeploymentPostprocessing = 0;
		};
/* End PBXSourcesBuildPhase section */

/* Begin PBXVariantGroup section */
		B288B388226E924100F80754 /* Main.storyboard */ = {
			isa = PBXVariantGroup;
			children = (
				B288B389226E924100F80754 /* Base */,
			);
			name = Main.storyboard;
			sourceTree = "<group>";
		};
		B288B38D226E924200F80754 /* LaunchScreen.storyboard */ = {
			isa = PBXVariantGroup;
			children = (
				B288B38E226E924200F80754 /* Base */,
			);
			name = LaunchScreen.storyboard;
			sourceTree = "<group>";
		};
/* End PBXVariantGroup section */

/* Begin XCBuildConfiguration section */
		B288B391226E924200F80754 /* Debug */ = {
			isa = XCBuildConfiguration;
			buildSettings = {
				ALWAYS_SEARCH_USER_PATHS = NO;
				CLANG_ANALYZER_NONNULL = YES;
				CLANG_ANALYZER_NUMBER_OBJECT_CONVERSION = YES_AGGRESSIVE;
				CLANG_CXX_LANGUAGE_STANDARD = "gnu++14";
				CLANG_CXX_LIBRARY = "libc++";
				CLANG_ENABLE_MODULES = YES;
				CLANG_ENABLE_OBJC_ARC = YES;
				CLANG_ENABLE_OBJC_WEAK = YES;
				CLANG_WARN_BLOCK_CAPTURE_AUTORELEASING = YES;
				CLANG_WARN_BOOL_CONVERSION = YES;
				CLANG_WARN_COMMA = YES;
				CLANG_WARN_CONSTANT_CONVERSION = YES;
				CLANG_WARN_DEPRECATED_OBJC_IMPLEMENTATIONS = YES;
				CLANG_WARN_DIRECT_OBJC_ISA_USAGE = YES_ERROR;
				CLANG_WARN_DOCUMENTATION_COMMENTS = YES;
				CLANG_WARN_EMPTY_BODY = YES;
				CLANG_WARN_ENUM_CONVERSION = YES;
				CLANG_WARN_INFINITE_RECURSION = YES;
				CLANG_WARN_INT_CONVERSION = YES;
				CLANG_WARN_NON_LITERAL_NULL_CONVERSION = YES;
				CLANG_WARN_OBJC_IMPLICIT_RETAIN_SELF = YES;
				CLANG_WARN_OBJC_LITERAL_CONVERSION = YES;
				CLANG_WARN_OBJC_ROOT_CLASS = YES_ERROR;
				CLANG_WARN_RANGE_LOOP_ANALYSIS = YES;
				CLANG_WARN_STRICT_PROTOTYPES = YES;
				CLANG_WARN_SUSPICIOUS_MOVE = YES;
				CLANG_WARN_UNGUARDED_AVAILABILITY = YES_AGGRESSIVE;
				CLANG_WARN_UNREACHABLE_CODE = YES;
				CLANG_WARN__DUPLICATE_METHOD_MATCH = YES;
				CODE_SIGN_IDENTITY = "iPhone Developer";
				COPY_PHASE_STRIP = NO;
				DEBUG_INFORMATION_FORMAT = dwarf;
				ENABLE_STRICT_OBJC_MSGSEND = YES;
				ENABLE_TESTABILITY = YES;
				GCC_C_LANGUAGE_STANDARD = gnu11;
				GCC_DYNAMIC_NO_PIC = NO;
				GCC_NO_COMMON_BLOCKS = YES;
				GCC_OPTIMIZATION_LEVEL = 0;
				GCC_PREPROCESSOR_DEFINITIONS = (
					"DEBUG=1",
					"$(inherited)",
				);
				GCC_WARN_64_TO_32_BIT_CONVERSION = YES;
				GCC_WARN_ABOUT_RETURN_TYPE = YES_ERROR;
				GCC_WARN_UNDECLARED_SELECTOR = YES;
				GCC_WARN_UNINITIALIZED_AUTOS = YES_AGGRESSIVE;
				GCC_WARN_UNUSED_FUNCTION = YES;
				GCC_WARN_UNUSED_VARIABLE = YES;
				IPHONEOS_DEPLOYMENT_TARGET = 12.1;
				MTL_ENABLE_DEBUG_INFO = INCLUDE_SOURCE;
				MTL_FAST_MATH = YES;
				ONLY_ACTIVE_ARCH = YES;
				SDKROOT = iphoneos;
				SWIFT_ACTIVE_COMPILATION_CONDITIONS = DEBUG;
				SWIFT_OPTIMIZATION_LEVEL = "-Onone";
			};
			name = Debug;
		};
		B288B392226E924200F80754 /* Release */ = {
			isa = XCBuildConfiguration;
			buildSettings = {
				ALWAYS_SEARCH_USER_PATHS = NO;
				CLANG_ANALYZER_NONNULL = YES;
				CLANG_ANALYZER_NUMBER_OBJECT_CONVERSION = YES_AGGRESSIVE;
				CLANG_CXX_LANGUAGE_STANDARD = "gnu++14";
				CLANG_CXX_LIBRARY = "libc++";
				CLANG_ENABLE_MODULES = YES;
				CLANG_ENABLE_OBJC_ARC = YES;
				CLANG_ENABLE_OBJC_WEAK = YES;
				CLANG_WARN_BLOCK_CAPTURE_AUTORELEASING = YES;
				CLANG_WARN_BOOL_CONVERSION = YES;
				CLANG_WARN_COMMA = YES;
				CLANG_WARN_CONSTANT_CONVERSION = YES;
				CLANG_WARN_DEPRECATED_OBJC_IMPLEMENTATIONS = YES;
				CLANG_WARN_DIRECT_OBJC_ISA_USAGE = YES_ERROR;
				CLANG_WARN_DOCUMENTATION_COMMENTS = YES;
				CLANG_WARN_EMPTY_BODY = YES;
				CLANG_WARN_ENUM_CONVERSION = YES;
				CLANG_WARN_INFINITE_RECURSION = YES;
				CLANG_WARN_INT_CONVERSION = YES;
				CLANG_WARN_NON_LITERAL_NULL_CONVERSION = YES;
				CLANG_WARN_OBJC_IMPLICIT_RETAIN_SELF = YES;
				CLANG_WARN_OBJC_LITERAL_CONVERSION = YES;
				CLANG_WARN_OBJC_ROOT_CLASS = YES_ERROR;
				CLANG_WARN_RANGE_LOOP_ANALYSIS = YES;
				CLANG_WARN_STRICT_PROTOTYPES = YES;
				CLANG_WARN_SUSPICIOUS_MOVE = YES;
				CLANG_WARN_UNGUARDED_AVAILABILITY = YES_AGGRESSIVE;
				CLANG_WARN_UNREACHABLE_CODE = YES;
				CLANG_WARN__DUPLICATE_METHOD_MATCH = YES;
				CODE_SIGN_IDENTITY = "iPhone Developer";
				COPY_PHASE_STRIP = NO;
				DEBUG_INFORMATION_FORMAT = "dwarf-with-dsym";
				ENABLE_NS_ASSERTIONS = NO;
				ENABLE_STRICT_OBJC_MSGSEND = YES;
				GCC_C_LANGUAGE_STANDARD = gnu11;
				GCC_NO_COMMON_BLOCKS = YES;
				GCC_WARN_64_TO_32_BIT_CONVERSION = YES;
				GCC_WARN_ABOUT_RETURN_TYPE = YES_ERROR;
				GCC_WARN_UNDECLARED_SELECTOR = YES;
				GCC_WARN_UNINITIALIZED_AUTOS = YES_AGGRESSIVE;
				GCC_WARN_UNUSED_FUNCTION = YES;
				GCC_WARN_UNUSED_VARIABLE = YES;
				IPHONEOS_DEPLOYMENT_TARGET = 12.1;
				MTL_ENABLE_DEBUG_INFO = NO;
				MTL_FAST_MATH = YES;
				SDKROOT = iphoneos;
				SWIFT_COMPILATION_MODE = wholemodule;
				SWIFT_OPTIMIZATION_LEVEL = "-O";
				VALIDATE_PRODUCT = YES;
			};
			name = Release;
		};
		B288B394226E924200F80754 /* Debug */ = {
			isa = XCBuildConfiguration;
			buildSettings = {
				ASSETCATALOG_COMPILER_APPICON_NAME = AppIcon;
				CODE_SIGN_STYLE = Automatic;
				DEVELOPMENT_TEAM = ZURAQVP8AL;
				INFOPLIST_FILE = sprintNYU/Info.plist;
				LD_RUNPATH_SEARCH_PATHS = (
					"$(inherited)",
					"@executable_path/Frameworks",
				);
				PRODUCT_BUNDLE_IDENTIFIER = io.github.candacej97.sprintNYU;
				PRODUCT_NAME = "$(TARGET_NAME)";
				SWIFT_VERSION = 4.2;
				TARGETED_DEVICE_FAMILY = "1,2";
			};
			name = Debug;
		};
		B288B395226E924200F80754 /* Release */ = {
			isa = XCBuildConfiguration;
			buildSettings = {
				ASSETCATALOG_COMPILER_APPICON_NAME = AppIcon;
				CODE_SIGN_STYLE = Automatic;
				DEVELOPMENT_TEAM = ZURAQVP8AL;
				INFOPLIST_FILE = sprintNYU/Info.plist;
				LD_RUNPATH_SEARCH_PATHS = (
					"$(inherited)",
					"@executable_path/Frameworks",
				);
				PRODUCT_BUNDLE_IDENTIFIER = io.github.candacej97.sprintNYU;
				PRODUCT_NAME = "$(TARGET_NAME)";
				SWIFT_VERSION = 4.2;
				TARGETED_DEVICE_FAMILY = "1,2";
			};
			name = Release;
		};
/* End XCBuildConfiguration section */

/* Begin XCConfigurationList section */
		B288B37C226E924100F80754 /* Build configuration list for PBXProject "sprintNYU" */ = {
			isa = XCConfigurationList;
			buildConfigurations = (
				B288B391226E924200F80754 /* Debug */,
				B288B392226E924200F80754 /* Release */,
			);
			defaultConfigurationIsVisible = 0;
			defaultConfigurationName = Release;
		};
		B288B393226E924200F80754 /* Build configuration list for PBXNativeTarget "sprintNYU" */ = {
			isa = XCConfigurationList;
			buildConfigurations = (
				B288B394226E924200F80754 /* Debug */,
				B288B395226E924200F80754 /* Release */,
			);
			defaultConfigurationIsVisible = 0;
			defaultConfigurationName = Release;
		};
/* End XCConfigurationList section */
	};
	rootObject = B288B379226E924100F80754 /* Project object */;
}
